PODS:
  - Bolts/Tasks (1.6.0)
  - DGActivityIndicatorView (2.0)
  - DGElasticPullToRefresh (1.0.3)
  - ElasticTransition (2.1.0):
    - MotionAnimation (~> 0.0.5)
  - MotionAnimation (0.0.5)
  - Parse (1.12.0):
    - Bolts/Tasks (~> 1.5)

DEPENDENCIES:
  - DGActivityIndicatorView
  - DGElasticPullToRefresh
  - ElasticTransition
  - Parse

SPEC CHECKSUMS:
  Bolts: f52a250053bb517ca874523c3913776359ab3def
  DGActivityIndicatorView: 52875b025a6ccf6a431a905285c12e2bb95eb559
  DGElasticPullToRefresh: 040f39ae69840b3261d163fe6735c5901bf851e9
  ElasticTransition: 7c04b2ad4323fc4b18475c60f061cf4be7399f00
  MotionAnimation: d9d4060bf4f494dd61bf868b8969a31b1b0b6f2a
  Parse: de2c52a9a1421b91ae7594ab8ce191afd184f19b

COCOAPODS: 0.39.0
